
Microsoft Visual Studio Solution File, Format Version 12.00
Project("{2150E333-8FDC-42A3-9474-1A3956D46DE8}") = "Solution Items", "Solution Items", "{3A7519DB-A8BC-4D71-870D-638602EE2552}"
	ProjectSection(SolutionItems) = preProject
		Directory.Build.props = Directory.Build.props
		Directory.Packages.props = Directory.Packages.props
		LICENSE = LICENSE
		README = README
	EndProjectSection
EndProject
Project("{2150E333-8FDC-42A3-9474-1A3956D46DE8}") = "src", "src", "{A59EBED5-6969-45D4-8495-8E84A9FB7E39}"
EndProject
Project("{FAE04EC0-301F-11D3-BF4B-00C04F79EFBC}") = "Intelsoft.Common.UseCases", "src\Intelsoft.Common.UseCases\Intelsoft.Common.UseCases.csproj", "{BACD21F6-42DF-495B-8BFF-7D88F7E43D8B}"
EndProject
Project("{2150E333-8FDC-42A3-9474-1A3956D46DE8}") = "tests", "tests", "{D6980348-8666-49C9-8404-A79A254E842E}"
EndProject
Project("{FAE04EC0-301F-11D3-BF4B-00C04F79EFBC}") = "Intelsoft.Common.UseCases.Tests", "tests\Intelsoft.Common.UseCases.Tests\Intelsoft.Common.UseCases.Tests.csproj", "{64D8BA2F-622A-41FB-8553-ED62A8896D3F}"
EndProject
Project("{FAE04EC0-301F-11D3-BF4B-00C04F79EFBC}") = "Intelsoft.Common.Benchmarks", "tests\Intelsoft.Common.Benchmarks\Intelsoft.Common.Benchmarks.csproj", "{F0A6E84B-FA88-42ED-8B24-6E1E67C151AB}"
EndProject
Project("{FAE04EC0-301F-11D3-BF4B-00C04F79EFBC}") = "Intelsoft.Common.UseCases.MinimalApi", "src\Intelsoft.Common.UseCases.MinimalApi\Intelsoft.Common.UseCases.MinimalApi.csproj", "{CBCC6D6D-DD40-4466-96CF-80B9D286E70F}"
EndProject
Project("{FAE04EC0-301F-11D3-BF4B-00C04F79EFBC}") = "Intelsoft.Common.Results", "src\Intelsoft.Common.Results\Intelsoft.Common.Results.csproj", "{8615CA41-BA60-4C17-86A9-FC1FBCECDB3A}"
EndProject
Project("{FAE04EC0-301F-11D3-BF4B-00C04F79EFBC}") = "Intelsoft.Common.Results.Tests", "Intelsoft.Common.Results.Tests\Intelsoft.Common.Results.Tests.csproj", "{D9712FC3-9F1E-4DE4-8532-BEEAE1DA1060}"
EndProject
Project("{FAE04EC0-301F-11D3-BF4B-00C04F79EFBC}") = "Intelsoft.Common.UseCases.MinimalApi.Tests", "tests\Intelsoft.Common.UseCases.MinimalApi.Tests\Intelsoft.Common.UseCases.MinimalApi.Tests.csproj", "{6A9618E8-5EC0-41C3-A0B5-56F636E0997B}"
EndProject
Global
	GlobalSection(SolutionConfigurationPlatforms) = preSolution
		Debug|Any CPU = Debug|Any CPU
		Release|Any CPU = Release|Any CPU
	EndGlobalSection
	GlobalSection(NestedProjects) = preSolution
		{BACD21F6-42DF-495B-8BFF-7D88F7E43D8B} = {A59EBED5-6969-45D4-8495-8E84A9FB7E39}
		{64D8BA2F-622A-41FB-8553-ED62A8896D3F} = {D6980348-8666-49C9-8404-A79A254E842E}
		{F0A6E84B-FA88-42ED-8B24-6E1E67C151AB} = {D6980348-8666-49C9-8404-A79A254E842E}
		{CBCC6D6D-DD40-4466-96CF-80B9D286E70F} = {A59EBED5-6969-45D4-8495-8E84A9FB7E39}
		{8615CA41-BA60-4C17-86A9-FC1FBCECDB3A} = {A59EBED5-6969-45D4-8495-8E84A9FB7E39}
		{D9712FC3-9F1E-4DE4-8532-BEEAE1DA1060} = {D6980348-8666-49C9-8404-A79A254E842E}
		{6A9618E8-5EC0-41C3-A0B5-56F636E0997B} = {D6980348-8666-49C9-8404-A79A254E842E}
	EndGlobalSection
	GlobalSection(ProjectConfigurationPlatforms) = postSolution
		{BACD21F6-42DF-495B-8BFF-7D88F7E43D8B}.Debug|Any CPU.ActiveCfg = Debug|Any CPU
		{BACD21F6-42DF-495B-8BFF-7D88F7E43D8B}.Debug|Any CPU.Build.0 = Debug|Any CPU
		{BACD21F6-42DF-495B-8BFF-7D88F7E43D8B}.Release|Any CPU.ActiveCfg = Release|Any CPU
		{BACD21F6-42DF-495B-8BFF-7D88F7E43D8B}.Release|Any CPU.Build.0 = Release|Any CPU
		{64D8BA2F-622A-41FB-8553-ED62A8896D3F}.Debug|Any CPU.ActiveCfg = Debug|Any CPU
		{64D8BA2F-622A-41FB-8553-ED62A8896D3F}.Debug|Any CPU.Build.0 = Debug|Any CPU
		{64D8BA2F-622A-41FB-8553-ED62A8896D3F}.Release|Any CPU.ActiveCfg = Release|Any CPU
		{64D8BA2F-622A-41FB-8553-ED62A8896D3F}.Release|Any CPU.Build.0 = Release|Any CPU
		{F0A6E84B-FA88-42ED-8B24-6E1E67C151AB}.Debug|Any CPU.ActiveCfg = Debug|Any CPU
		{F0A6E84B-FA88-42ED-8B24-6E1E67C151AB}.Debug|Any CPU.Build.0 = Debug|Any CPU
		{F0A6E84B-FA88-42ED-8B24-6E1E67C151AB}.Release|Any CPU.ActiveCfg = Release|Any CPU
		{F0A6E84B-FA88-42ED-8B24-6E1E67C151AB}.Release|Any CPU.Build.0 = Release|Any CPU
		{CBCC6D6D-DD40-4466-96CF-80B9D286E70F}.Debug|Any CPU.ActiveCfg = Debug|Any CPU
		{CBCC6D6D-DD40-4466-96CF-80B9D286E70F}.Debug|Any CPU.Build.0 = Debug|Any CPU
		{CBCC6D6D-DD40-4466-96CF-80B9D286E70F}.Release|Any CPU.ActiveCfg = Release|Any CPU
		{CBCC6D6D-DD40-4466-96CF-80B9D286E70F}.Release|Any CPU.Build.0 = Release|Any CPU
		{8615CA41-BA60-4C17-86A9-FC1FBCECDB3A}.Debug|Any CPU.ActiveCfg = Debug|Any CPU
		{8615CA41-BA60-4C17-86A9-FC1FBCECDB3A}.Debug|Any CPU.Build.0 = Debug|Any CPU
		{8615CA41-BA60-4C17-86A9-FC1FBCECDB3A}.Release|Any CPU.ActiveCfg = Release|Any CPU
		{8615CA41-BA60-4C17-86A9-FC1FBCECDB3A}.Release|Any CPU.Build.0 = Release|Any CPU
		{D9712FC3-9F1E-4DE4-8532-BEEAE1DA1060}.Debug|Any CPU.ActiveCfg = Debug|Any CPU
		{D9712FC3-9F1E-4DE4-8532-BEEAE1DA1060}.Debug|Any CPU.Build.0 = Debug|Any CPU
		{D9712FC3-9F1E-4DE4-8532-BEEAE1DA1060}.Release|Any CPU.ActiveCfg = Release|Any CPU
		{D9712FC3-9F1E-4DE4-8532-BEEAE1DA1060}.Release|Any CPU.Build.0 = Release|Any CPU
		{6A9618E8-5EC0-41C3-A0B5-56F636E0997B}.Debug|Any CPU.ActiveCfg = Debug|Any CPU
		{6A9618E8-5EC0-41C3-A0B5-56F636E0997B}.Debug|Any CPU.Build.0 = Debug|Any CPU
		{6A9618E8-5EC0-41C3-A0B5-56F636E0997B}.Release|Any CPU.ActiveCfg = Release|Any CPU
		{6A9618E8-5EC0-41C3-A0B5-56F636E0997B}.Release|Any CPU.Build.0 = Release|Any CPU
	EndGlobalSection
EndGlobal
